{
  "name": "typescriptproject",
  "version": "1.0.0",
  "lockfileVersion": 2,
  "requires": true,
  "packages": {
    "": {
      "name": "typescriptproject",
      "version": "1.0.0",
      "license": "ISC",
      "dependencies": {
        "@types/faker": "^4.0.0",
        "@types/google.maps": "^3.47.4",
        "faker": "^4.0.0",
        "prop-types": "^15.8.0",
        "smart-act-package": "github:arefworks/package-repo",
        "underscore": "^1.5.0"
      },
      "devDependencies": {
        "typescript": "^4.5.5"
      }
    },
    "../aref-package": {
      "extraneous": true
    },
    "node_modules/@types/faker": {
      "version": "4.1.12",
      "license": "MIT"
    },
    "node_modules/@types/google.maps": {
      "version": "3.47.4",
      "license": "MIT"
    },
    "node_modules/faker": {
      "version": "4.1.0",
      "license": "MIT"
    },
    "node_modules/js-tokens": {
      "version": "4.0.0",
      "license": "MIT"
    },
    "node_modules/loose-envify": {
      "version": "1.4.0",
      "license": "MIT",
      "dependencies": {
        "js-tokens": "^3.0.0 || ^4.0.0"
      },
      "bin": {
        "loose-envify": "cli.js"
      }
    },
    "node_modules/object-assign": {
      "version": "4.1.1",
      "license": "MIT",
      "engines": {
        "node": ">=0.10.0"
      }
    },
    "node_modules/prop-types": {
      "version": "15.8.1",
      "license": "MIT",
      "dependencies": {
        "loose-envify": "^1.4.0",
        "object-assign": "^4.1.1",
        "react-is": "^16.13.1"
      }
    },
    "node_modules/react-is": {
      "version": "16.13.1",
      "license": "MIT"
    },
    "node_modules/smart-act-package": {
      "version": "1.0.0",
      "resolved": "git+ssh://git@github.com/arefworks/package-repo.git#50b1448b1ed888f34e05173bb8efa419d8c20874",
      "license": "ISC"
    },
    "node_modules/typescript": {
      "version": "4.5.5",
      "dev": true,
      "license": "Apache-2.0",
      "bin": {
        "tsc": "bin/tsc",
        "tsserver": "bin/tsserver"
      },
      "engines": {
        "node": ">=4.2.0"
      }
    },
    "node_modules/underscore": {
      "version": "1.13.2",
      "license": "MIT"
    }
  },
  "dependencies": {
    "@types/faker": {
      "version": "4.1.12"
    },
    "@types/google.maps": {
      "version": "3.47.4"
    },
    "faker": {
      "version": "4.1.0"
    },
    "js-tokens": {
      "version": "4.0.0"
    },
    "loose-envify": {
      "version": "1.4.0",
      "requires": {
        "js-tokens": "^3.0.0 || ^4.0.0"
      }
    },
    "object-assign": {
      "version": "4.1.1"
    },
    "prop-types": {
      "version": "15.8.1",
      "requires": {
        "loose-envify": "^1.4.0",
        "object-assign": "^4.1.1",
        "react-is": "^16.13.1"
      }
    },
    "react-is": {
      "version": "16.13.1"
    },
    "smart-act-package": {
      "version": "git+ssh://git@github.com/arefworks/package-repo.git#50b1448b1ed888f34e05173bb8efa419d8c20874",
      "from": "smart-act-package@github:arefworks/package-repo"
    },
    "typescript": {
      "version": "4.5.5",
      "dev": true
    },
    "underscore": {
      "version": "1.13.2"
    }
  }
}
